
Microsoft Visual Studio Solution File, Format Version 12.00
# Visual Studio 2012
Project("{8BC9CEB8-8B4A-11D0-8D11-00A0C91BC942}") = "MFC_学生信息管理系统", "MFC_学生信息管理系统\MFC_学生信息管理系统.vcxproj", "{95919ED1-6D4C-4E55-9096-2051AE653600}"
EndProject
Global
	GlobalSection(SolutionConfigurationPlatforms) = preSolution
		Debug|Win32 = Debug|Win32
		Release|Win32 = Release|Win32
	EndGlobalSection
	GlobalSection(ProjectConfigurationPlatforms) = postSolution
		{95919ED1-6D4C-4E55-9096-2051AE653600}.Debug|Win32.ActiveCfg = Debug|Win32
		{95919ED1-6D4C-4E55-9096-2051AE653600}.Debug|Win32.Build.0 = Debug|Win32
		{95919ED1-6D4C-4E55-9096-2051AE653600}.Release|Win32.ActiveCfg = Release|Win32
		{95919ED1-6D4C-4E55-9096-2051AE653600}.Release|Win32.Build.0 = Release|Win32
	EndGlobalSection
	GlobalSection(SolutionProperties) = preSolution
		HideSolutionNode = FALSE
	EndGlobalSection
EndGlobal
